{
  "name": "exokit",
  "version": "0.0.15",
  "lockfileVersion": 1,
  "requires": true,
  "dependencies": {
    "async-limiter": {
      "version": "1.0.0",
      "resolved": "https://registry.npmjs.org/async-limiter/-/async-limiter-1.0.0.tgz",
      "integrity": "sha512-jp/uFnooOiO+L211eZOoSyzpOITMXx1rBITauYykG3BRYPu8h0UcxsPNB04RR5vo4Tyz3+ay17tR6JVf9qzYWg=="
    },
    "balanced-match": {
      "version": "1.0.0",
      "resolved": "https://registry.npmjs.org/balanced-match/-/balanced-match-1.0.0.tgz",
      "integrity": "sha1-ibTRmasr7kneFk6gK4nORi1xt2c="
    },
    "binary": {
      "version": "0.3.0",
      "resolved": "https://registry.npmjs.org/binary/-/binary-0.3.0.tgz",
      "integrity": "sha1-n2BVO8XOjDOG87VTz/R0Yq3sqnk=",
      "requires": {
        "buffers": "0.1.1",
        "chainsaw": "0.1.0"
      }
    },
    "brace-expansion": {
      "version": "1.1.11",
      "resolved": "https://registry.npmjs.org/brace-expansion/-/brace-expansion-1.1.11.tgz",
      "integrity": "sha512-iCuPHDFgrHX7H2vEI/5xpz07zSHB00TpugqhmYtVmMO6518mCuRMoOYFldEBl0g187ufozdaHgWKcYFb61qGiA==",
      "requires": {
        "balanced-match": "1.0.0",
        "concat-map": "0.0.1"
      }
    },
    "buffers": {
      "version": "0.1.1",
      "resolved": "https://registry.npmjs.org/buffers/-/buffers-0.1.1.tgz",
      "integrity": "sha1-skV5w77U1tOWru5tmorn9Ugqt7s="
    },
    "chainsaw": {
      "version": "0.1.0",
      "resolved": "https://registry.npmjs.org/chainsaw/-/chainsaw-0.1.0.tgz",
      "integrity": "sha1-XqtQsor+WAdNDVgpE4iCi15fvJg=",
      "requires": {
        "traverse": "0.3.9"
      }
    },
    "child-process-thread": {
      "version": "0.0.33",
      "resolved": "https://registry.npmjs.org/child-process-thread/-/child-process-thread-0.0.33.tgz",
      "integrity": "sha512-5xkAGQhtrpQ2mHZ7AMLwHOz/GIUcCTzPQUmV+FUs15Ga2EE6V38pr77rX8lr7Vz/3yXBD6Lmf5kGlY7y5pIpyQ==",
      "requires": {
        "nan": "2.8.0",
        "raw-buffer": "0.0.11",
        "smiggles": "0.0.20"
      }
    },
    "concat-map": {
      "version": "0.0.1",
      "resolved": "https://registry.npmjs.org/concat-map/-/concat-map-0.0.1.tgz",
      "integrity": "sha1-2Klr13/Wjfd5OnMDajug1UBdR3s="
    },
    "core-util-is": {
      "version": "1.0.2",
      "resolved": "https://registry.npmjs.org/core-util-is/-/core-util-is-1.0.2.tgz",
      "integrity": "sha1-tf1UIgqivFq1eqtxQMlAdUUDwac="
    },
    "exokit-core": {
      "version": "0.0.89",
      "resolved": "https://registry.npmjs.org/exokit-core/-/exokit-core-0.0.89.tgz",
      "integrity": "sha512-FB9QW+DbT2sAUGhzXZA1E1LPHTHMjbduh9hT/1jPFOJ2INclPqYw+HeIA4NJLjIl/vGeUjPkdjujUpiITyVv4Q==",
      "requires": {
        "node-localstorage": "1.3.0",
        "parse-int": "1.0.2",
        "parse5": "4.0.0",
        "window-eval-native": "0.0.1",
        "window-fetch": "0.0.3",
        "ws": "4.1.0",
        "xmlhttprequest": "1.8.0"
      }
    },
    "fs.realpath": {
      "version": "1.0.0",
      "resolved": "https://registry.npmjs.org/fs.realpath/-/fs.realpath-1.0.0.tgz",
      "integrity": "sha1-FQStJSMVjKpA20onh8sBQRmU6k8="
    },
    "fstream": {
      "version": "0.1.31",
      "resolved": "https://registry.npmjs.org/fstream/-/fstream-0.1.31.tgz",
      "integrity": "sha1-czfwWPu7vvqMn1YaKMqwhJICyYg=",
      "requires": {
        "graceful-fs": "3.0.11",
        "inherits": "2.0.3",
        "mkdirp": "0.5.1",
        "rimraf": "2.6.2"
      },
      "dependencies": {
        "graceful-fs": {
          "version": "3.0.11",
          "resolved": "https://registry.npmjs.org/graceful-fs/-/graceful-fs-3.0.11.tgz",
          "integrity": "sha1-dhPHeKGv6mLyXGMKCG1/Osu92Bg=",
          "requires": {
            "natives": "1.1.1"
          }
        }
      }
    },
    "glob": {
      "version": "7.1.2",
      "resolved": "https://registry.npmjs.org/glob/-/glob-7.1.2.tgz",
      "integrity": "sha512-MJTUg1kjuLeQCJ+ccE4Vpa6kKVXkPYJ2mOCQyUuKLcLQsdrMCpBPUi8qVE6+YuaJkozeA9NusTAw3hLr8Xe5EQ==",
      "requires": {
        "fs.realpath": "1.0.0",
        "inflight": "1.0.6",
        "inherits": "2.0.3",
        "minimatch": "3.0.4",
        "once": "1.4.0",
        "path-is-absolute": "1.0.1"
      }
    },
    "glsl-token-inject-block": {
      "version": "1.1.0",
      "resolved": "https://registry.npmjs.org/glsl-token-inject-block/-/glsl-token-inject-block-1.1.0.tgz",
      "integrity": "sha1-4QFfWYDBCRgkraomJfHf3ovQADQ="
    },
    "glsl-token-string": {
      "version": "1.0.1",
      "resolved": "https://registry.npmjs.org/glsl-token-string/-/glsl-token-string-1.0.1.tgz",
      "integrity": "sha1-WUQdL4V958NEnJRWZgIezjWOSOw="
    },
    "glsl-tokenizer": {
      "version": "2.1.2",
      "resolved": "https://registry.npmjs.org/glsl-tokenizer/-/glsl-tokenizer-2.1.2.tgz",
      "integrity": "sha1-cgMHUi4DxXrzXABVGVDEpw7y37k=",
      "requires": {
        "through2": "0.6.5"
      }
    },
    "glsl-version-regex": {
      "version": "1.0.0",
      "resolved": "https://registry.npmjs.org/glsl-version-regex/-/glsl-version-regex-1.0.0.tgz",
      "integrity": "sha1-qgsKOPXmNFzz4cJhKiHgZAlG3lg="
    },
    "graceful-fs": {
      "version": "4.1.11",
      "resolved": "https://registry.npmjs.org/graceful-fs/-/graceful-fs-4.1.11.tgz",
      "integrity": "sha1-Dovf5NHduIVNZOBOp8AOKgJuVlg="
    },
    "imurmurhash": {
      "version": "0.1.4",
      "resolved": "https://registry.npmjs.org/imurmurhash/-/imurmurhash-0.1.4.tgz",
      "integrity": "sha1-khi5srkoojixPcT7a21XbyMUU+o="
    },
    "inflight": {
      "version": "1.0.6",
      "resolved": "https://registry.npmjs.org/inflight/-/inflight-1.0.6.tgz",
      "integrity": "sha1-Sb1jMdfQLQwJvJEKEHW6gWW1bfk=",
      "requires": {
        "once": "1.4.0",
        "wrappy": "1.0.2"
      }
    },
    "inherits": {
      "version": "2.0.3",
      "resolved": "https://registry.npmjs.org/inherits/-/inherits-2.0.3.tgz",
      "integrity": "sha1-Yzwsg+PaQqUC9SRmAiSA9CCCYd4="
    },
    "is-finite": {
      "version": "1.0.2",
      "resolved": "https://registry.npmjs.org/is-finite/-/is-finite-1.0.2.tgz",
      "integrity": "sha1-zGZ3aVYCvlUO8R6LSqYwU0K20Ko=",
      "requires": {
        "number-is-nan": "1.0.1"
      }
    },
    "is-integer": {
      "version": "1.0.7",
      "resolved": "https://registry.npmjs.org/is-integer/-/is-integer-1.0.7.tgz",
      "integrity": "sha1-a96Bqs3feLZZtmKdYpytxRqIbVw=",
      "requires": {
        "is-finite": "1.0.2"
      }
    },
    "isarray": {
      "version": "0.0.1",
      "resolved": "https://registry.npmjs.org/isarray/-/isarray-0.0.1.tgz",
      "integrity": "sha1-ihis/Kmo9Bd+Cav8YDiTmwXR7t8="
    },
    "isolator": {
      "version": "0.0.9",
      "resolved": "https://registry.npmjs.org/isolator/-/isolator-0.0.9.tgz",
      "integrity": "sha512-DOJld0HpyFPcqghUDTjgGHyQvGNr9+7Sylwryu+tnI3msJ+ucnVjktcump/NqNrZSWp5pz62NxCdCfaUDar0dA=="
    },
    "match-stream": {
      "version": "0.0.2",
      "resolved": "https://registry.npmjs.org/match-stream/-/match-stream-0.0.2.tgz",
      "integrity": "sha1-mesFAJOzTf+t5CG5rAtBCpz6F88=",
      "requires": {
        "buffers": "0.1.1",
        "readable-stream": "1.0.34"
      }
    },
    "minimatch": {
      "version": "3.0.4",
      "resolved": "https://registry.npmjs.org/minimatch/-/minimatch-3.0.4.tgz",
      "integrity": "sha512-yJHVQEhyqPLUTgt9B83PXu6W3rx4MvvHvSUvToogpwoGDOUQ+yDrR0HRot+yOCdCO7u4hX3pWft6kWBBcqh0UA==",
      "requires": {
        "brace-expansion": "1.1.11"
      }
    },
    "minimist": {
      "version": "0.0.8",
      "resolved": "https://registry.npmjs.org/minimist/-/minimist-0.0.8.tgz",
      "integrity": "sha1-hX/Kv8M5fSYluCKCYuhqp6ARsF0="
    },
    "mkdirp": {
      "version": "0.5.1",
      "resolved": "https://registry.npmjs.org/mkdirp/-/mkdirp-0.5.1.tgz",
      "integrity": "sha1-MAV0OOrGz3+MR2fzhkjWaX11yQM=",
      "requires": {
        "minimist": "0.0.8"
      }
    },
    "nan": {
      "version": "2.8.0",
      "resolved": "https://registry.npmjs.org/nan/-/nan-2.8.0.tgz",
      "integrity": "sha1-7XFfP+neArV6XmJS2QqWZ14fCFo="
    },
    "nano-promise": {
      "version": "1.2.0",
      "resolved": "https://registry.npmjs.org/nano-promise/-/nano-promise-1.2.0.tgz",
      "integrity": "sha1-Kl3n0HT2lHiTxvqUgY32o+xh33k="
    },
    "native-audio-deps": {
      "version": "0.0.12",
      "resolved": "https://registry.npmjs.org/native-audio-deps/-/native-audio-deps-0.0.12.tgz",
      "integrity": "sha512-BWyQq855zllzinEIZ6lG5EHqVwsp8aBLETwxGjKmwpl72KU+RkSRmNRxfSXiFg+/eZA0hBqKgT2nuy2Ng91WsA=="
    },
    "native-canvas-deps": {
      "version": "0.0.6",
      "resolved": "https://registry.npmjs.org/native-canvas-deps/-/native-canvas-deps-0.0.6.tgz",
      "integrity": "sha512-hpcH2Rd2UMJ9M9R4On24rVdbJvNEl5uc3oRv8bxFWDzHZu/IF5B1lwGusatRBgXMt6Y5U99+nWcSmfWGmBf8KA=="
    },
    "native-graphics-deps": {
      "version": "0.0.6",
      "resolved": "https://registry.npmjs.org/native-graphics-deps/-/native-graphics-deps-0.0.6.tgz",
      "integrity": "sha512-2ApWy8zYdbPG8Mj6po68OdTUOqu9G/Lb4XOUYrCu8BxwVgqKO4qVZfnj7ZB1G9DtVTtXdv2oIWPIPghTcjKTGg=="
    },
    "native-openvr-deps": {
      "version": "0.0.4",
      "resolved": "https://registry.npmjs.org/native-openvr-deps/-/native-openvr-deps-0.0.4.tgz",
      "integrity": "sha512-knfET4A9nEH/8AHpICX7L/dYWNCAb2ba64EUzBlv+Wb+1D1B8YPZpzlZbLLhk6JR0B2MtXOINoEvRtPAIyAtng=="
    },
    "native-video-deps": {
      "version": "0.0.10",
      "resolved": "https://registry.npmjs.org/native-video-deps/-/native-video-deps-0.0.10.tgz",
      "integrity": "sha512-sEZEdRNNR8kwZ2429FYj+tsqruwBSgVS07HGtXOoASVuJ095RdJ+PRRmQDW+agLxRbIy5vLz446V38aBKVo3KQ==",
      "requires": {
        "unzip": "0.1.11"
      }
    },
    "natives": {
      "version": "1.1.1",
      "resolved": "https://registry.npmjs.org/natives/-/natives-1.1.1.tgz",
      "integrity": "sha512-8eRaxn8u/4wN8tGkhlc2cgwwvOLMLUMUn4IYTexMgWd+LyUDfeXVkk2ygQR0hvIHbJQXgHujia3ieUUDwNGkEA=="
    },
    "node-localstorage": {
      "version": "1.3.0",
      "resolved": "https://registry.npmjs.org/node-localstorage/-/node-localstorage-1.3.0.tgz",
      "integrity": "sha1-LkNqro3Mms6XtDxlwWwNV3vgpVw=",
      "requires": {
        "write-file-atomic": "1.3.4"
      }
    },
    "number-is-nan": {
      "version": "1.0.1",
      "resolved": "https://registry.npmjs.org/number-is-nan/-/number-is-nan-1.0.1.tgz",
      "integrity": "sha1-CXtgK1NCKlIsGvuHkDGDNpQaAR0="
    },
    "once": {
      "version": "1.4.0",
      "resolved": "https://registry.npmjs.org/once/-/once-1.4.0.tgz",
      "integrity": "sha1-WDsap3WWHUsROsF9nFC6753Xa9E=",
      "requires": {
        "wrappy": "1.0.2"
      }
    },
    "over": {
      "version": "0.0.5",
      "resolved": "https://registry.npmjs.org/over/-/over-0.0.5.tgz",
      "integrity": "sha1-8phS5w/X4l82DgE6jsRMgq7bVwg="
    },
    "parse-int": {
      "version": "1.0.2",
      "resolved": "https://registry.npmjs.org/parse-int/-/parse-int-1.0.2.tgz",
      "integrity": "sha1-QzYNYNjuNaEll4DgUisLlqhOb8E=",
      "requires": {
        "is-integer": "1.0.7"
      }
    },
    "parse5": {
      "version": "4.0.0",
      "resolved": "https://registry.npmjs.org/parse5/-/parse5-4.0.0.tgz",
      "integrity": "sha512-VrZ7eOd3T1Fk4XWNXMgiGBK/z0MG48BWG2uQNU4I72fkQuKUTZpl+u9k+CxEG0twMVzSmXEEz12z5Fnw1jIQFA=="
    },
    "path-is-absolute": {
      "version": "1.0.1",
      "resolved": "https://registry.npmjs.org/path-is-absolute/-/path-is-absolute-1.0.1.tgz",
      "integrity": "sha1-F0uSaHNVNP+8es5r9TpanhtcX18="
    },
    "pullstream": {
      "version": "0.4.1",
      "resolved": "https://registry.npmjs.org/pullstream/-/pullstream-0.4.1.tgz",
      "integrity": "sha1-1vs79a7Wl+gxFQ6xACwlo/iuExQ=",
      "requires": {
        "over": "0.0.5",
        "readable-stream": "1.0.34",
        "setimmediate": "1.0.5",
        "slice-stream": "1.0.0"
      }
    },
    "raw-buffer": {
      "version": "0.0.11",
      "resolved": "https://registry.npmjs.org/raw-buffer/-/raw-buffer-0.0.11.tgz",
      "integrity": "sha512-kjLhmJiic1asspkHumjU+safDpLVaGRD3+161TqSqC5LzIc/gsf7tZG2IqSrJnsM13HHihQ/TE3pykQKQkwdKQ==",
      "requires": {
        "nan": "2.8.0"
      }
    },
    "readable-stream": {
      "version": "1.0.34",
      "resolved": "https://registry.npmjs.org/readable-stream/-/readable-stream-1.0.34.tgz",
      "integrity": "sha1-Elgg40vIQtLyqq+v5MKRbuMsFXw=",
      "requires": {
        "core-util-is": "1.0.2",
        "inherits": "2.0.3",
        "isarray": "0.0.1",
        "string_decoder": "0.10.31"
      }
    },
    "repl.history": {
      "version": "0.1.4",
      "resolved": "https://registry.npmjs.org/repl.history/-/repl.history-0.1.4.tgz",
      "integrity": "sha1-gDZxcfN4HW5CmccXWMJTCX9dWDI="
    },
    "rimraf": {
      "version": "2.6.2",
      "resolved": "https://registry.npmjs.org/rimraf/-/rimraf-2.6.2.tgz",
      "integrity": "sha512-lreewLK/BlghmxtfH36YYVg1i8IAce4TI7oao75I1g245+6BctqTVQiBP3YUJ9C6DQOXJmkYR9X9fCLtCOJc5w==",
      "requires": {
        "glob": "7.1.2"
      }
    },
    "safe-buffer": {
      "version": "5.1.1",
      "resolved": "https://registry.npmjs.org/safe-buffer/-/safe-buffer-5.1.1.tgz",
      "integrity": "sha512-kKvNJn6Mm93gAczWVJg7wH+wGYWNrDHdWvpUmHyEsgCtIwwo3bqPtV4tR5tuPaUhTOo/kvhVwd8XwwOllGYkbg=="
    },
    "setimmediate": {
      "version": "1.0.5",
      "resolved": "https://registry.npmjs.org/setimmediate/-/setimmediate-1.0.5.tgz",
      "integrity": "sha1-KQy7Iy4waULX1+qbg3Mqt4VvgoU="
    },
    "slice-stream": {
      "version": "1.0.0",
      "resolved": "https://registry.npmjs.org/slice-stream/-/slice-stream-1.0.0.tgz",
      "integrity": "sha1-WzO9ZvATsaf4ZGCwPUY97DmtPqA=",
      "requires": {
        "readable-stream": "1.0.34"
      }
    },
    "slide": {
      "version": "1.1.6",
      "resolved": "https://registry.npmjs.org/slide/-/slide-1.1.6.tgz",
      "integrity": "sha1-VusCfWW00tzmyy4tMsTUr8nh1wc="
    },
    "smiggles": {
      "version": "0.0.20",
      "resolved": "https://registry.npmjs.org/smiggles/-/smiggles-0.0.20.tgz",
      "integrity": "sha512-RDiTKrGizkfZa/DAO7BFTysLRj+y+ZrUtZdAVwZE2u48+rbRm5nBfoG7YrsiAsE+qnlzXwOGdoBg5s6IzruMmQ=="
    },
    "string_decoder": {
      "version": "0.10.31",
      "resolved": "https://registry.npmjs.org/string_decoder/-/string_decoder-0.10.31.tgz",
      "integrity": "sha1-YuIDvEF2bGwoyfyEMB2rHFMQ+pQ="
    },
    "through2": {
      "version": "0.6.5",
      "resolved": "https://registry.npmjs.org/through2/-/through2-0.6.5.tgz",
      "integrity": "sha1-QaucZ7KdVyCQcUEOHXp6lozTrUg=",
      "requires": {
        "readable-stream": "1.0.34",
        "xtend": "4.0.1"
      }
    },
    "traverse": {
      "version": "0.3.9",
      "resolved": "https://registry.npmjs.org/traverse/-/traverse-0.3.9.tgz",
      "integrity": "sha1-cXuPIgzAu3tE5AUUwisui7xw2Lk="
    },
    "unzip": {
      "version": "0.1.11",
      "resolved": "https://registry.npmjs.org/unzip/-/unzip-0.1.11.tgz",
      "integrity": "sha1-iXScY7BY19kNYZ+GuYqhU107l/A=",
      "requires": {
        "binary": "0.3.0",
        "fstream": "0.1.31",
        "match-stream": "0.0.2",
        "pullstream": "0.4.1",
        "readable-stream": "1.0.34",
        "setimmediate": "1.0.5"
      }
    },
    "webgl-to-opengl": {
      "version": "0.0.2",
      "resolved": "https://registry.npmjs.org/webgl-to-opengl/-/webgl-to-opengl-0.0.2.tgz",
      "integrity": "sha512-KT8bFf8MuEpgTav0FdIs3Uax7LdEsI83hG876cAzFVOSZV/FqTj8h3hFxUd52qtsMEj6G0lZGKdBGmzuNSy2ag==",
      "requires": {
        "glsl-token-inject-block": "1.1.0",
        "glsl-token-string": "1.0.1",
        "glsl-tokenizer": "2.1.2",
        "glsl-version-regex": "1.0.0"
      }
    },
    "window-eval-native": {
      "version": "0.0.1",
      "resolved": "https://registry.npmjs.org/window-eval-native/-/window-eval-native-0.0.1.tgz",
      "integrity": "sha512-0Q5UXc4eLZm+a77+ekjpIgw3sa7lvw+wnSHyk1czvdnnkV1LCNWhvHMs6wZRKZYZ8uF+4f6IoJKN96n2vnDSnw==",
      "requires": {
        "nano-promise": "1.2.0"
      }
    },
    "window-fetch": {
      "version": "0.0.3",
      "resolved": "https://registry.npmjs.org/window-fetch/-/window-fetch-0.0.3.tgz",
      "integrity": "sha512-lEcjYgSHs4B9ukLeLR6wd0qejBJKotkaI77SzDgZnu1a810CULozsvG5vikQdUctEzCFYsoF+IYZxrFmrIz0HQ=="
    },
    "window-worker": {
      "version": "0.0.46",
      "resolved": "https://registry.npmjs.org/window-worker/-/window-worker-0.0.46.tgz",
      "integrity": "sha512-Imz9MOOWKFz3dKomP4dZKR8CDSnMDyzlyexHlEJ4DiTU19S6wjFIjTDQQYyN7bvehcLVl7Hs6IrfRws18YKbFQ==",
      "requires": {
        "child-process-thread": "0.0.33",
        "window-fetch": "0.0.3",
        "ws": "4.1.0",
        "xmlhttprequest": "1.8.0"
      }
    },
    "wrappy": {
      "version": "1.0.2",
      "resolved": "https://registry.npmjs.org/wrappy/-/wrappy-1.0.2.tgz",
      "integrity": "sha1-tSQ9jz7BqjXxNkYFvA0QNuMKtp8="
    },
    "write-file-atomic": {
      "version": "1.3.4",
      "resolved": "https://registry.npmjs.org/write-file-atomic/-/write-file-atomic-1.3.4.tgz",
      "integrity": "sha1-+Aek8LHZ6ROuekgRLmzDrxmRtF8=",
      "requires": {
        "graceful-fs": "4.1.11",
        "imurmurhash": "0.1.4",
        "slide": "1.1.6"
      }
    },
    "ws": {
      "version": "4.1.0",
      "resolved": "https://registry.npmjs.org/ws/-/ws-4.1.0.tgz",
      "integrity": "sha512-ZGh/8kF9rrRNffkLFV4AzhvooEclrOH0xaugmqGsIfFgOE/pIz4fMc4Ef+5HSQqTEug2S9JZIWDR47duDSLfaA==",
      "requires": {
        "async-limiter": "1.0.0",
        "safe-buffer": "5.1.1"
      }
    },
    "xmlhttprequest": {
      "version": "1.8.0",
      "resolved": "https://registry.npmjs.org/xmlhttprequest/-/xmlhttprequest-1.8.0.tgz",
      "integrity": "sha1-Z/4HXFwk/vOfnWX197f+dRcZaPw="
    },
    "xtend": {
      "version": "4.0.1",
      "resolved": "https://registry.npmjs.org/xtend/-/xtend-4.0.1.tgz",
      "integrity": "sha1-pcbVMr5lbiPbgg77lDofBJmNY68="
    }
  }
}
