{
  "name": "exokit-browser",
  "version": "0.0.167",
  "lockfileVersion": 1,
  "requires": true,
  "dependencies": {
    "amdefine": {
      "version": "1.0.1",
      "resolved": "https://registry.npmjs.org/amdefine/-/amdefine-1.0.1.tgz",
      "integrity": "sha1-SlKCrBZHKek2Gbz9OtFR+BfOkfU="
    },
    "async-limiter": {
      "version": "1.0.0",
      "resolved": "https://registry.npmjs.org/async-limiter/-/async-limiter-1.0.0.tgz",
      "integrity": "sha512-jp/uFnooOiO+L211eZOoSyzpOITMXx1rBITauYykG3BRYPu8h0UcxsPNB04RR5vo4Tyz3+ay17tR6JVf9qzYWg=="
    },
    "atob": {
      "version": "1.1.3",
      "resolved": "https://registry.npmjs.org/atob/-/atob-1.1.3.tgz",
      "integrity": "sha1-lfE2KbEsOlGl0hWr3OKqnzL4B3M="
    },
    "balanced-match": {
      "version": "1.0.0",
      "resolved": "https://registry.npmjs.org/balanced-match/-/balanced-match-1.0.0.tgz",
      "integrity": "sha1-ibTRmasr7kneFk6gK4nORi1xt2c="
    },
    "big-integer": {
      "version": "1.6.28",
      "resolved": "https://registry.npmjs.org/big-integer/-/big-integer-1.6.28.tgz",
      "integrity": "sha512-OJT3rzgtsYca/5WmmEuFJDPMwROVh5SSjoEX9wIrpfbbWJ4KqRzShs8Cj6jWHaatBYAeWngBA+kmmrcHSklT1g=="
    },
    "binary": {
      "version": "0.3.0",
      "resolved": "https://registry.npmjs.org/binary/-/binary-0.3.0.tgz",
      "integrity": "sha1-n2BVO8XOjDOG87VTz/R0Yq3sqnk=",
      "requires": {
        "buffers": "0.1.1",
        "chainsaw": "0.1.0"
      }
    },
    "bluebird": {
      "version": "3.4.7",
      "resolved": "https://registry.npmjs.org/bluebird/-/bluebird-3.4.7.tgz",
      "integrity": "sha1-9y12C+Cbf3bQjtj66Ysomo0F+rM="
    },
    "brace-expansion": {
      "version": "1.1.11",
      "resolved": "https://registry.npmjs.org/brace-expansion/-/brace-expansion-1.1.11.tgz",
      "integrity": "sha512-iCuPHDFgrHX7H2vEI/5xpz07zSHB00TpugqhmYtVmMO6518mCuRMoOYFldEBl0g187ufozdaHgWKcYFb61qGiA==",
      "requires": {
        "balanced-match": "1.0.0",
        "concat-map": "0.0.1"
      }
    },
    "buffer-indexof-polyfill": {
      "version": "1.0.1",
      "resolved": "https://registry.npmjs.org/buffer-indexof-polyfill/-/buffer-indexof-polyfill-1.0.1.tgz",
      "integrity": "sha1-qfuAbOgUXVQoUQznLyeLs2OmOL8="
    },
    "buffer-shims": {
      "version": "1.0.0",
      "resolved": "https://registry.npmjs.org/buffer-shims/-/buffer-shims-1.0.0.tgz",
      "integrity": "sha1-mXjOMXOIxkmth5MCjDR37wRKi1E="
    },
    "buffers": {
      "version": "0.1.1",
      "resolved": "https://registry.npmjs.org/buffers/-/buffers-0.1.1.tgz",
      "integrity": "sha1-skV5w77U1tOWru5tmorn9Ugqt7s="
    },
    "chainsaw": {
      "version": "0.1.0",
      "resolved": "https://registry.npmjs.org/chainsaw/-/chainsaw-0.1.0.tgz",
      "integrity": "sha1-XqtQsor+WAdNDVgpE4iCi15fvJg=",
      "requires": {
        "traverse": "0.3.9"
      }
    },
    "child-process-thread": {
      "version": "0.0.43",
      "resolved": "https://registry.npmjs.org/child-process-thread/-/child-process-thread-0.0.43.tgz",
      "integrity": "sha512-vXfNZ9a4mIKg38K+3T6wk619wHd9N+hZ8NXiEZvFbVSYqi7MKj3dGz4+jrxWbdFizsymHlHD3A4dYvzyrj/aZw==",
      "requires": {
        "nan": "2.10.0",
        "raw-buffer": "0.0.15",
        "smiggles": "0.0.23"
      }
    },
    "component-indexof": {
      "version": "0.0.3",
      "resolved": "https://registry.npmjs.org/component-indexof/-/component-indexof-0.0.3.tgz",
      "integrity": "sha1-EdCRMSI5648yyPJa6csAL/6NPCQ="
    },
    "concat-map": {
      "version": "0.0.1",
      "resolved": "https://registry.npmjs.org/concat-map/-/concat-map-0.0.1.tgz",
      "integrity": "sha1-2Klr13/Wjfd5OnMDajug1UBdR3s="
    },
    "core-util-is": {
      "version": "1.0.2",
      "resolved": "https://registry.npmjs.org/core-util-is/-/core-util-is-1.0.2.tgz",
      "integrity": "sha1-tf1UIgqivFq1eqtxQMlAdUUDwac="
    },
    "css": {
      "version": "2.2.1",
      "resolved": "https://registry.npmjs.org/css/-/css-2.2.1.tgz",
      "integrity": "sha1-c6TIHehdtmTU7mdPfUcIXjstVdw=",
      "requires": {
        "inherits": "2.0.3",
        "source-map": "0.1.43",
        "source-map-resolve": "0.3.1",
        "urix": "0.1.0"
      }
    },
    "duplexer2": {
      "version": "0.1.4",
      "resolved": "https://registry.npmjs.org/duplexer2/-/duplexer2-0.1.4.tgz",
      "integrity": "sha1-ixLauHjA1p4+eJEFFmKjL8a93ME=",
      "requires": {
        "readable-stream": "2.1.5"
      }
    },
    "exokit-core": {
      "version": "0.0.217",
      "resolved": "https://registry.npmjs.org/exokit-core/-/exokit-core-0.0.217.tgz",
      "integrity": "sha512-edVYykT9OkaJKWa3MwWFci463Qr64yrSVM4EhmaaoGbRtnVYjXbgTsJ2JtY8MmjIiJN6gBtmm8Q07j2euZvFpA==",
      "requires": {
        "css": "2.2.1",
        "he": "1.1.1",
        "history": "4.7.2",
        "node-localstorage": "1.3.1",
        "parse-int": "1.0.2",
        "parse5": "4.0.0",
        "selector-lite": "0.1.1",
        "text-encoding": "0.6.4",
        "vm-one": "0.0.8",
        "window-classlist": "0.0.1",
        "window-fetch": "0.0.6",
        "window-xhr": "0.0.9",
        "ws": "4.1.0"
      }
    },
    "fs.realpath": {
      "version": "1.0.0",
      "resolved": "https://registry.npmjs.org/fs.realpath/-/fs.realpath-1.0.0.tgz",
      "integrity": "sha1-FQStJSMVjKpA20onh8sBQRmU6k8="
    },
    "fstream": {
      "version": "1.0.11",
      "resolved": "https://registry.npmjs.org/fstream/-/fstream-1.0.11.tgz",
      "integrity": "sha1-XB+x8RdHcRTwYyoOtLcbPLD9MXE=",
      "requires": {
        "graceful-fs": "4.1.11",
        "inherits": "2.0.3",
        "mkdirp": "0.5.1",
        "rimraf": "2.6.2"
      }
    },
    "glob": {
      "version": "7.1.2",
      "resolved": "https://registry.npmjs.org/glob/-/glob-7.1.2.tgz",
      "integrity": "sha512-MJTUg1kjuLeQCJ+ccE4Vpa6kKVXkPYJ2mOCQyUuKLcLQsdrMCpBPUi8qVE6+YuaJkozeA9NusTAw3hLr8Xe5EQ==",
      "requires": {
        "fs.realpath": "1.0.0",
        "inflight": "1.0.6",
        "inherits": "2.0.3",
        "minimatch": "3.0.4",
        "once": "1.4.0",
        "path-is-absolute": "1.0.1"
      }
    },
    "glsl-token-inject-block": {
      "version": "1.1.0",
      "resolved": "https://registry.npmjs.org/glsl-token-inject-block/-/glsl-token-inject-block-1.1.0.tgz",
      "integrity": "sha1-4QFfWYDBCRgkraomJfHf3ovQADQ="
    },
    "glsl-token-string": {
      "version": "1.0.1",
      "resolved": "https://registry.npmjs.org/glsl-token-string/-/glsl-token-string-1.0.1.tgz",
      "integrity": "sha1-WUQdL4V958NEnJRWZgIezjWOSOw="
    },
    "glsl-tokenizer": {
      "version": "2.1.2",
      "resolved": "https://registry.npmjs.org/glsl-tokenizer/-/glsl-tokenizer-2.1.2.tgz",
      "integrity": "sha1-cgMHUi4DxXrzXABVGVDEpw7y37k=",
      "requires": {
        "through2": "0.6.5"
      }
    },
    "glsl-version-regex": {
      "version": "1.0.0",
      "resolved": "https://registry.npmjs.org/glsl-version-regex/-/glsl-version-regex-1.0.0.tgz",
      "integrity": "sha1-qgsKOPXmNFzz4cJhKiHgZAlG3lg="
    },
    "graceful-fs": {
      "version": "4.1.11",
      "resolved": "https://registry.npmjs.org/graceful-fs/-/graceful-fs-4.1.11.tgz",
      "integrity": "sha1-Dovf5NHduIVNZOBOp8AOKgJuVlg="
    },
    "he": {
      "version": "1.1.1",
      "resolved": "https://registry.npmjs.org/he/-/he-1.1.1.tgz",
      "integrity": "sha1-k0EP0hsAlzUVH4howvJx80J+I/0="
    },
    "history": {
      "version": "4.7.2",
      "resolved": "https://registry.npmjs.org/history/-/history-4.7.2.tgz",
      "integrity": "sha512-1zkBRWW6XweO0NBcjiphtVJVsIQ+SXF29z9DVkceeaSLVMFXHool+fdCZD4spDCfZJCILPILc3bm7Bc+HRi0nA==",
      "requires": {
        "invariant": "2.2.4",
        "loose-envify": "1.3.1",
        "resolve-pathname": "2.2.0",
        "value-equal": "0.4.0",
        "warning": "3.0.0"
      }
    },
    "imurmurhash": {
      "version": "0.1.4",
      "resolved": "https://registry.npmjs.org/imurmurhash/-/imurmurhash-0.1.4.tgz",
      "integrity": "sha1-khi5srkoojixPcT7a21XbyMUU+o="
    },
    "inflight": {
      "version": "1.0.6",
      "resolved": "https://registry.npmjs.org/inflight/-/inflight-1.0.6.tgz",
      "integrity": "sha1-Sb1jMdfQLQwJvJEKEHW6gWW1bfk=",
      "requires": {
        "once": "1.4.0",
        "wrappy": "1.0.2"
      }
    },
    "inherits": {
      "version": "2.0.3",
      "resolved": "https://registry.npmjs.org/inherits/-/inherits-2.0.3.tgz",
      "integrity": "sha1-Yzwsg+PaQqUC9SRmAiSA9CCCYd4="
    },
    "invariant": {
      "version": "2.2.4",
      "resolved": "https://registry.npmjs.org/invariant/-/invariant-2.2.4.tgz",
      "integrity": "sha512-phJfQVBuaJM5raOpJjSfkiD6BpbCE4Ns//LaXl6wGYtUBY83nWS6Rf9tXm2e8VaK60JEjYldbPif/A2B1C2gNA==",
      "requires": {
        "loose-envify": "1.3.1"
      }
    },
    "is-finite": {
      "version": "1.0.2",
      "resolved": "https://registry.npmjs.org/is-finite/-/is-finite-1.0.2.tgz",
      "integrity": "sha1-zGZ3aVYCvlUO8R6LSqYwU0K20Ko=",
      "requires": {
        "number-is-nan": "1.0.1"
      }
    },
    "is-integer": {
      "version": "1.0.7",
      "resolved": "https://registry.npmjs.org/is-integer/-/is-integer-1.0.7.tgz",
      "integrity": "sha1-a96Bqs3feLZZtmKdYpytxRqIbVw=",
      "requires": {
        "is-finite": "1.0.2"
      }
    },
    "isarray": {
      "version": "1.0.0",
      "resolved": "https://registry.npmjs.org/isarray/-/isarray-1.0.0.tgz",
      "integrity": "sha1-u5NdSFgsuhaMBoNJV6VKPgcSTxE="
    },
    "isolator": {
      "version": "0.0.9",
      "resolved": "https://registry.npmjs.org/isolator/-/isolator-0.0.9.tgz",
      "integrity": "sha512-DOJld0HpyFPcqghUDTjgGHyQvGNr9+7Sylwryu+tnI3msJ+ucnVjktcump/NqNrZSWp5pz62NxCdCfaUDar0dA=="
    },
    "js-tokens": {
      "version": "3.0.2",
      "resolved": "https://registry.npmjs.org/js-tokens/-/js-tokens-3.0.2.tgz",
      "integrity": "sha1-mGbfOVECEw449/mWvOtlRDIJwls="
    },
    "listenercount": {
      "version": "1.0.1",
      "resolved": "https://registry.npmjs.org/listenercount/-/listenercount-1.0.1.tgz",
      "integrity": "sha1-hMinKrWcRyUyFIDJdeZQg0LnCTc="
    },
    "loose-envify": {
      "version": "1.3.1",
      "resolved": "https://registry.npmjs.org/loose-envify/-/loose-envify-1.3.1.tgz",
      "integrity": "sha1-0aitM/qc4OcT1l/dCsi3SNR4yEg=",
      "requires": {
        "js-tokens": "3.0.2"
      }
    },
    "magicleap": {
      "version": "0.0.13",
      "resolved": "https://registry.npmjs.org/magicleap/-/magicleap-0.0.13.tgz",
      "integrity": "sha512-KVeFgu3bXIcuIAOYh1UK0uy7RdCl6dxltxdwzuk4OPCgqas9I2fTybZtWmM+bkfPXSkXbwPSFt/izs/XaGv5Mw==",
      "requires": {
        "unzpr": "0.0.3"
      }
    },
    "minimatch": {
      "version": "3.0.4",
      "resolved": "https://registry.npmjs.org/minimatch/-/minimatch-3.0.4.tgz",
      "integrity": "sha512-yJHVQEhyqPLUTgt9B83PXu6W3rx4MvvHvSUvToogpwoGDOUQ+yDrR0HRot+yOCdCO7u4hX3pWft6kWBBcqh0UA==",
      "requires": {
        "brace-expansion": "1.1.11"
      }
    },
    "minimist": {
      "version": "1.2.0",
      "resolved": "https://registry.npmjs.org/minimist/-/minimist-1.2.0.tgz",
      "integrity": "sha1-o1AIsg9BOD7sH7kU9M1d95omQoQ="
    },
    "mkdirp": {
      "version": "0.5.1",
      "resolved": "https://registry.npmjs.org/mkdirp/-/mkdirp-0.5.1.tgz",
      "integrity": "sha1-MAV0OOrGz3+MR2fzhkjWaX11yQM=",
      "requires": {
        "minimist": "0.0.8"
      },
      "dependencies": {
        "minimist": {
          "version": "0.0.8",
          "resolved": "https://registry.npmjs.org/minimist/-/minimist-0.0.8.tgz",
          "integrity": "sha1-hX/Kv8M5fSYluCKCYuhqp6ARsF0="
        }
      }
    },
    "nan": {
      "version": "2.10.0",
      "resolved": "https://registry.npmjs.org/nan/-/nan-2.10.0.tgz",
      "integrity": "sha512-bAdJv7fBLhWC+/Bls0Oza+mvTaNQtP+1RyhhhvD95pgUJz6XM5IzgmxOkItJ9tkoCiplvAnXI1tNmmUD/eScyA=="
    },
    "native-audio-deps": {
      "version": "0.0.19",
      "resolved": "https://registry.npmjs.org/native-audio-deps/-/native-audio-deps-0.0.19.tgz",
      "integrity": "sha512-HiO0WwXrt6132oJH1DEnLgvFay6VpEMbT6PKRqj0+batAgcmV6foBZq4WupZUMuaoI7vMNfvjDtFn2HvRr3kMQ==",
      "requires": {
        "rimraf": "2.6.2",
        "unzpr": "0.0.3"
      }
    },
    "native-canvas-deps": {
      "version": "0.0.14",
      "resolved": "https://registry.npmjs.org/native-canvas-deps/-/native-canvas-deps-0.0.14.tgz",
      "integrity": "sha512-bpv0oE4eyZNX9NDACmyqTNxjcFf62/Q7sRDNLdlQA46+HIxRB8iXCjmD6rX6Jck6dhPOaWjQ1nO7KcZm/dqBBg==",
      "requires": {
        "rimraf": "2.6.2",
        "unzpr": "0.0.3"
      }
    },
    "native-graphics-deps": {
      "version": "0.0.14",
      "resolved": "https://registry.npmjs.org/native-graphics-deps/-/native-graphics-deps-0.0.14.tgz",
      "integrity": "sha512-6pHijyoNKzl/vkwX77BKgXj/ULg+ZCkVDo/kcMX06b3UyVeb/y61VAj2QcH1e6jzTU07iDomrLAxUW6Abw9Yzg==",
      "requires": {
        "rimraf": "2.6.2",
        "unzpr": "0.0.3"
      }
    },
    "native-openvr-deps": {
      "version": "0.0.13",
      "resolved": "https://registry.npmjs.org/native-openvr-deps/-/native-openvr-deps-0.0.13.tgz",
      "integrity": "sha512-HGcWmTmOxTkUcTXtwEAQL6azzIlJ2gN2umhLHyFuk1Uz/xaxpmNqffn7seSD/AbnY3W+b4HOzenYvvCNXyCeIA==",
      "requires": {
        "rimraf": "2.6.2",
        "unzpr": "0.0.3"
      }
    },
    "native-video-deps": {
      "version": "0.0.17",
      "resolved": "https://registry.npmjs.org/native-video-deps/-/native-video-deps-0.0.17.tgz",
      "integrity": "sha512-j4BwftuKGqePxNMqXDcaYTYHvXEM6jTpsCRRKgH+uiuLzEcGPIMc2qmLwo8aSwftsp72BBacAGCh+9T/s2KlYg==",
      "requires": {
        "unzpr": "0.0.3"
      }
    },
    "node-localstorage": {
      "version": "1.3.1",
      "resolved": "https://registry.npmjs.org/node-localstorage/-/node-localstorage-1.3.1.tgz",
      "integrity": "sha512-NMWCSWWc6JbHT5PyWlNT2i8r7PgGYXVntmKawY83k/M0UJScZ5jirb61TLnqKwd815DfBQu+lR3sRw08SPzIaQ==",
      "requires": {
        "write-file-atomic": "1.3.4"
      }
    },
    "number-is-nan": {
      "version": "1.0.1",
      "resolved": "https://registry.npmjs.org/number-is-nan/-/number-is-nan-1.0.1.tgz",
      "integrity": "sha1-CXtgK1NCKlIsGvuHkDGDNpQaAR0="
    },
    "once": {
      "version": "1.4.0",
      "resolved": "https://registry.npmjs.org/once/-/once-1.4.0.tgz",
      "integrity": "sha1-WDsap3WWHUsROsF9nFC6753Xa9E=",
      "requires": {
        "wrappy": "1.0.2"
      }
    },
    "pako": {
      "version": "1.0.6",
      "resolved": "https://registry.npmjs.org/pako/-/pako-1.0.6.tgz",
      "integrity": "sha512-lQe48YPsMJAig+yngZ87Lus+NF+3mtu7DVOBu6b/gHO1YpKwIj5AWjZ/TOS7i46HD/UixzWb1zeWDZfGZ3iYcg=="
    },
    "parse-int": {
      "version": "1.0.2",
      "resolved": "https://registry.npmjs.org/parse-int/-/parse-int-1.0.2.tgz",
      "integrity": "sha1-QzYNYNjuNaEll4DgUisLlqhOb8E=",
      "requires": {
        "is-integer": "1.0.7"
      }
    },
    "parse5": {
      "version": "4.0.0",
      "resolved": "https://registry.npmjs.org/parse5/-/parse5-4.0.0.tgz",
      "integrity": "sha512-VrZ7eOd3T1Fk4XWNXMgiGBK/z0MG48BWG2uQNU4I72fkQuKUTZpl+u9k+CxEG0twMVzSmXEEz12z5Fnw1jIQFA=="
    },
    "path-is-absolute": {
      "version": "1.0.1",
      "resolved": "https://registry.npmjs.org/path-is-absolute/-/path-is-absolute-1.0.1.tgz",
      "integrity": "sha1-F0uSaHNVNP+8es5r9TpanhtcX18="
    },
    "process-nextick-args": {
      "version": "1.0.7",
      "resolved": "https://registry.npmjs.org/process-nextick-args/-/process-nextick-args-1.0.7.tgz",
      "integrity": "sha1-FQ4gt1ZZCtP5EJPyWk8q2L/zC6M="
    },
    "raw-buffer": {
      "version": "0.0.15",
      "resolved": "https://registry.npmjs.org/raw-buffer/-/raw-buffer-0.0.15.tgz",
      "integrity": "sha512-7jccRng2f7zqsaPA0wExLcXH6dqMo6zBlFJM5XPx6EgjwIHv9gIIdlsg4mb+9MPKUQtoBqLFKS3gp+7i7jBWBQ==",
      "requires": {
        "nan": "2.10.0"
      }
    },
    "readable-stream": {
      "version": "2.1.5",
      "resolved": "https://registry.npmjs.org/readable-stream/-/readable-stream-2.1.5.tgz",
      "integrity": "sha1-ZvqLcg4UOLNkaB8q0aY8YYRIydA=",
      "requires": {
        "buffer-shims": "1.0.0",
        "core-util-is": "1.0.2",
        "inherits": "2.0.3",
        "isarray": "1.0.0",
        "process-nextick-args": "1.0.7",
        "string_decoder": "0.10.31",
        "util-deprecate": "1.0.2"
      }
    },
    "repl.history": {
      "version": "0.1.4",
      "resolved": "https://registry.npmjs.org/repl.history/-/repl.history-0.1.4.tgz",
      "integrity": "sha1-gDZxcfN4HW5CmccXWMJTCX9dWDI="
    },
    "resolve-pathname": {
      "version": "2.2.0",
      "resolved": "https://registry.npmjs.org/resolve-pathname/-/resolve-pathname-2.2.0.tgz",
      "integrity": "sha512-bAFz9ld18RzJfddgrO2e/0S2O81710++chRMUxHjXOYKF6jTAMrUNZrEZ1PvV0zlhfjidm08iRPdTLPno1FuRg=="
    },
    "resolve-url": {
      "version": "0.2.1",
      "resolved": "https://registry.npmjs.org/resolve-url/-/resolve-url-0.2.1.tgz",
      "integrity": "sha1-LGN/53yJOv0qZj/iGqkIAGjiBSo="
    },
    "rimraf": {
      "version": "2.6.2",
      "resolved": "https://registry.npmjs.org/rimraf/-/rimraf-2.6.2.tgz",
      "integrity": "sha512-lreewLK/BlghmxtfH36YYVg1i8IAce4TI7oao75I1g245+6BctqTVQiBP3YUJ9C6DQOXJmkYR9X9fCLtCOJc5w==",
      "requires": {
        "glob": "7.1.2"
      }
    },
    "safe-buffer": {
      "version": "5.1.1",
      "resolved": "https://registry.npmjs.org/safe-buffer/-/safe-buffer-5.1.1.tgz",
      "integrity": "sha512-kKvNJn6Mm93gAczWVJg7wH+wGYWNrDHdWvpUmHyEsgCtIwwo3bqPtV4tR5tuPaUhTOo/kvhVwd8XwwOllGYkbg=="
    },
    "selector-lite": {
      "version": "0.1.1",
      "resolved": "https://registry.npmjs.org/selector-lite/-/selector-lite-0.1.1.tgz",
      "integrity": "sha1-yxau/q6f4pytev4o8E9dklXLkhE="
    },
    "setimmediate": {
      "version": "1.0.5",
      "resolved": "https://registry.npmjs.org/setimmediate/-/setimmediate-1.0.5.tgz",
      "integrity": "sha1-KQy7Iy4waULX1+qbg3Mqt4VvgoU="
    },
    "slide": {
      "version": "1.1.6",
      "resolved": "https://registry.npmjs.org/slide/-/slide-1.1.6.tgz",
      "integrity": "sha1-VusCfWW00tzmyy4tMsTUr8nh1wc="
    },
    "smiggles": {
      "version": "0.0.23",
      "resolved": "https://registry.npmjs.org/smiggles/-/smiggles-0.0.23.tgz",
      "integrity": "sha512-djw2JQJdglougk4ohu6vidb6sTmWhWfnvUU1MPx/0qLdzaRRDzqBSreHRDgjBwL809ftP9cvIuFb/e1cAgWinA=="
    },
    "source-map": {
      "version": "0.1.43",
      "resolved": "https://registry.npmjs.org/source-map/-/source-map-0.1.43.tgz",
      "integrity": "sha1-wkvBRspRfBRx9drL4lcbK3+eM0Y=",
      "requires": {
        "amdefine": "1.0.1"
      }
    },
    "source-map-resolve": {
      "version": "0.3.1",
      "resolved": "https://registry.npmjs.org/source-map-resolve/-/source-map-resolve-0.3.1.tgz",
      "integrity": "sha1-YQ9hIqRFuN1RU1oqcbeD38Ekh2E=",
      "requires": {
        "atob": "1.1.3",
        "resolve-url": "0.2.1",
        "source-map-url": "0.3.0",
        "urix": "0.1.0"
      }
    },
    "source-map-url": {
      "version": "0.3.0",
      "resolved": "https://registry.npmjs.org/source-map-url/-/source-map-url-0.3.0.tgz",
      "integrity": "sha1-fsrxO1e80J2opAxdJp2zN5nUqvk="
    },
    "string_decoder": {
      "version": "0.10.31",
      "resolved": "https://registry.npmjs.org/string_decoder/-/string_decoder-0.10.31.tgz",
      "integrity": "sha1-YuIDvEF2bGwoyfyEMB2rHFMQ+pQ="
    },
    "text-encoding": {
      "version": "0.6.4",
      "resolved": "https://registry.npmjs.org/text-encoding/-/text-encoding-0.6.4.tgz",
      "integrity": "sha1-45mpgiV6J22uQou5KEXLcb3CbRk="
    },
    "through2": {
      "version": "0.6.5",
      "resolved": "https://registry.npmjs.org/through2/-/through2-0.6.5.tgz",
      "integrity": "sha1-QaucZ7KdVyCQcUEOHXp6lozTrUg=",
      "requires": {
        "readable-stream": "1.0.34",
        "xtend": "4.0.1"
      },
      "dependencies": {
        "isarray": {
          "version": "0.0.1",
          "resolved": "https://registry.npmjs.org/isarray/-/isarray-0.0.1.tgz",
          "integrity": "sha1-ihis/Kmo9Bd+Cav8YDiTmwXR7t8="
        },
        "readable-stream": {
          "version": "1.0.34",
          "resolved": "https://registry.npmjs.org/readable-stream/-/readable-stream-1.0.34.tgz",
          "integrity": "sha1-Elgg40vIQtLyqq+v5MKRbuMsFXw=",
          "requires": {
            "core-util-is": "1.0.2",
            "inherits": "2.0.3",
            "isarray": "0.0.1",
            "string_decoder": "0.10.31"
          }
        }
      }
    },
    "traverse": {
      "version": "0.3.9",
      "resolved": "https://registry.npmjs.org/traverse/-/traverse-0.3.9.tgz",
      "integrity": "sha1-cXuPIgzAu3tE5AUUwisui7xw2Lk="
    },
    "trim": {
      "version": "0.0.1",
      "resolved": "https://registry.npmjs.org/trim/-/trim-0.0.1.tgz",
      "integrity": "sha1-WFhUf2spB1fulczMZm+1AITEYN0="
    },
    "unzpr": {
      "version": "0.0.3",
      "resolved": "https://registry.npmjs.org/unzpr/-/unzpr-0.0.3.tgz",
      "integrity": "sha512-U+WR+TqZ7T6MuNXExqz7qet/8mQTT5j5Zfum6JvJztNMZqRQ3RInXHFwfP/CS4DbVCh+PArSvZMQQsDNTjIDUA==",
      "requires": {
        "big-integer": "1.6.28",
        "binary": "0.3.0",
        "bluebird": "3.4.7",
        "buffer-indexof-polyfill": "1.0.1",
        "duplexer2": "0.1.4",
        "fstream": "1.0.11",
        "listenercount": "1.0.1",
        "readable-stream": "2.1.5",
        "setimmediate": "1.0.5"
      }
    },
    "upng-js": {
      "version": "2.1.0",
      "resolved": "https://registry.npmjs.org/upng-js/-/upng-js-2.1.0.tgz",
      "integrity": "sha512-d3xzZzpMP64YkjP5pr8gNyvBt7dLk/uGI67EctzDuVp4lCZyVMo0aJO6l/VDlgbInJYDY6cnClLoBp29eKWI6g==",
      "requires": {
        "pako": "1.0.6"
      }
    },
    "urix": {
      "version": "0.1.0",
      "resolved": "https://registry.npmjs.org/urix/-/urix-0.1.0.tgz",
      "integrity": "sha1-2pN/emLiH+wf0Y1Js1wpNQZ6bHI="
    },
    "util-deprecate": {
      "version": "1.0.2",
      "resolved": "https://registry.npmjs.org/util-deprecate/-/util-deprecate-1.0.2.tgz",
      "integrity": "sha1-RQ1Nyfpw3nMnYvvS1KKJgUGaDM8="
    },
    "value-equal": {
      "version": "0.4.0",
      "resolved": "https://registry.npmjs.org/value-equal/-/value-equal-0.4.0.tgz",
      "integrity": "sha512-x+cYdNnaA3CxvMaTX0INdTCN8m8aF2uY9BvEqmxuYp8bL09cs/kWVQPVGcA35fMktdOsP69IgU7wFj/61dJHEw=="
    },
    "vm-one": {
      "version": "0.0.8",
      "resolved": "https://registry.npmjs.org/vm-one/-/vm-one-0.0.8.tgz",
      "integrity": "sha512-ZCuDXRcdCD84p/qAttLnzds9qhEXiI4IwNcgjmmge5qRVPmqF0FadByfI3g6SzuZuBDckie+o3VHmvLhFsiCbg==",
      "requires": {
        "nan": "2.10.0"
      }
    },
    "warning": {
      "version": "3.0.0",
      "resolved": "https://registry.npmjs.org/warning/-/warning-3.0.0.tgz",
      "integrity": "sha1-MuU3fLVy3kqwR1O9+IIcAe1gW3w=",
      "requires": {
        "loose-envify": "1.3.1"
      }
    },
    "webgl-to-opengl": {
      "version": "0.0.3",
      "resolved": "https://registry.npmjs.org/webgl-to-opengl/-/webgl-to-opengl-0.0.3.tgz",
      "integrity": "sha512-M8MsoAEGulc8A0CIqyEklHh5JCDS3cb3ufg4XlOXVu2BvoQ1X0WxbmvrWxDtTPxnnKFfjlNVhT0HtFAMBXWmVg==",
      "requires": {
        "glsl-token-inject-block": "1.1.0",
        "glsl-token-string": "1.0.1",
        "glsl-tokenizer": "2.1.2",
        "glsl-version-regex": "1.0.0"
      }
    },
    "window-classlist": {
      "version": "0.0.1",
      "resolved": "https://registry.npmjs.org/window-classlist/-/window-classlist-0.0.1.tgz",
      "integrity": "sha512-atSZrEzPW8uMc9HqbX+4vx24QCwOon8qmNsctnJ/dUiC17SiTyGl3sPxj424Gvr5MLA5dNl4oDXU0JxjorsDLA==",
      "requires": {
        "component-indexof": "0.0.3",
        "trim": "0.0.1"
      }
    },
    "window-fetch": {
      "version": "0.0.6",
      "resolved": "https://registry.npmjs.org/window-fetch/-/window-fetch-0.0.6.tgz",
      "integrity": "sha512-fstt5JlqgWPCVneZbRQI9ChjBoNjaj5+eepBHhtW31JBEwwVBeE9R92kevW4fZ4bp3c2r9IqVTCI1UEQZZ5oTw=="
    },
    "window-worker": {
      "version": "0.0.60",
      "resolved": "https://registry.npmjs.org/window-worker/-/window-worker-0.0.60.tgz",
      "integrity": "sha512-P+9SWO5/Vcm35kCOdOn70pD6FiLQifckB2cl3stZKO2vLrSHJ+DNTrgWOWTvIS7D1b4r2M9JdryLJkP3Zb2O9A==",
      "requires": {
        "child-process-thread": "0.0.43",
        "window-fetch": "0.0.6",
        "ws": "4.1.0",
        "xmlhttprequest": "1.8.0"
      }
    },
    "window-xhr": {
      "version": "0.0.9",
      "resolved": "https://registry.npmjs.org/window-xhr/-/window-xhr-0.0.9.tgz",
      "integrity": "sha512-kNMaY8aOekq5X4CR/SS2IELBBriI+p9lbvGRfnAGMywUAw4a8kJAUs3O0IpJqB7DE2FaTGorr05CfJHW1BF+ng=="
    },
    "wrappy": {
      "version": "1.0.2",
      "resolved": "https://registry.npmjs.org/wrappy/-/wrappy-1.0.2.tgz",
      "integrity": "sha1-tSQ9jz7BqjXxNkYFvA0QNuMKtp8="
    },
    "write-file-atomic": {
      "version": "1.3.4",
      "resolved": "https://registry.npmjs.org/write-file-atomic/-/write-file-atomic-1.3.4.tgz",
      "integrity": "sha1-+Aek8LHZ6ROuekgRLmzDrxmRtF8=",
      "requires": {
        "graceful-fs": "4.1.11",
        "imurmurhash": "0.1.4",
        "slide": "1.1.6"
      }
    },
    "ws": {
      "version": "4.1.0",
      "resolved": "https://registry.npmjs.org/ws/-/ws-4.1.0.tgz",
      "integrity": "sha512-ZGh/8kF9rrRNffkLFV4AzhvooEclrOH0xaugmqGsIfFgOE/pIz4fMc4Ef+5HSQqTEug2S9JZIWDR47duDSLfaA==",
      "requires": {
        "async-limiter": "1.0.0",
        "safe-buffer": "5.1.1"
      }
    },
    "xmlhttprequest": {
      "version": "1.8.0",
      "resolved": "https://registry.npmjs.org/xmlhttprequest/-/xmlhttprequest-1.8.0.tgz",
      "integrity": "sha1-Z/4HXFwk/vOfnWX197f+dRcZaPw="
    },
    "xtend": {
      "version": "4.0.1",
      "resolved": "https://registry.npmjs.org/xtend/-/xtend-4.0.1.tgz",
      "integrity": "sha1-pcbVMr5lbiPbgg77lDofBJmNY68="
    }
  }
}
