{
  "name": "exokit-windows",
  "version": "0.0.9",
  "lockfileVersion": 1,
  "requires": true,
  "dependencies": {
    "async-limiter": {
      "version": "1.0.0",
      "resolved": "https://registry.npmjs.org/async-limiter/-/async-limiter-1.0.0.tgz",
      "integrity": "sha512-jp/uFnooOiO+L211eZOoSyzpOITMXx1rBITauYykG3BRYPu8h0UcxsPNB04RR5vo4Tyz3+ay17tR6JVf9qzYWg=="
    },
    "child-process-thread": {
      "version": "0.0.33",
      "resolved": "https://registry.npmjs.org/child-process-thread/-/child-process-thread-0.0.33.tgz",
      "integrity": "sha512-5xkAGQhtrpQ2mHZ7AMLwHOz/GIUcCTzPQUmV+FUs15Ga2EE6V38pr77rX8lr7Vz/3yXBD6Lmf5kGlY7y5pIpyQ==",
      "requires": {
        "nan": "2.8.0",
        "raw-buffer": "0.0.11",
        "smiggles": "0.0.20"
      }
    },
    "core-util-is": {
      "version": "1.0.2",
      "resolved": "https://registry.npmjs.org/core-util-is/-/core-util-is-1.0.2.tgz",
      "integrity": "sha1-tf1UIgqivFq1eqtxQMlAdUUDwac="
    },
    "exokit-core": {
      "version": "0.0.73",
      "resolved": "https://registry.npmjs.org/exokit-core/-/exokit-core-0.0.73.tgz",
      "integrity": "sha512-W1Lv/uuG6T6V24rG5xdKzwIPmbaHWfwnDVaazMRNyANNOU7Y6WEXH4ApLfLkFW00zR0ng8onv7PcR2pUeQgAeg==",
      "requires": {
        "node-localstorage": "1.3.0",
        "parse-int": "1.0.2",
        "parse5": "4.0.0",
        "window-eval-native": "0.0.1",
        "window-fetch": "0.0.3",
        "ws": "4.1.0",
        "xmlhttprequest": "1.8.0"
      }
    },
    "glsl-token-inject-block": {
      "version": "1.1.0",
      "resolved": "https://registry.npmjs.org/glsl-token-inject-block/-/glsl-token-inject-block-1.1.0.tgz",
      "integrity": "sha1-4QFfWYDBCRgkraomJfHf3ovQADQ="
    },
    "glsl-token-string": {
      "version": "1.0.1",
      "resolved": "https://registry.npmjs.org/glsl-token-string/-/glsl-token-string-1.0.1.tgz",
      "integrity": "sha1-WUQdL4V958NEnJRWZgIezjWOSOw="
    },
    "glsl-tokenizer": {
      "version": "2.1.2",
      "resolved": "https://registry.npmjs.org/glsl-tokenizer/-/glsl-tokenizer-2.1.2.tgz",
      "integrity": "sha1-cgMHUi4DxXrzXABVGVDEpw7y37k=",
      "requires": {
        "through2": "0.6.5"
      }
    },
    "glsl-version-regex": {
      "version": "1.0.0",
      "resolved": "https://registry.npmjs.org/glsl-version-regex/-/glsl-version-regex-1.0.0.tgz",
      "integrity": "sha1-qgsKOPXmNFzz4cJhKiHgZAlG3lg="
    },
    "graceful-fs": {
      "version": "4.1.11",
      "resolved": "https://registry.npmjs.org/graceful-fs/-/graceful-fs-4.1.11.tgz",
      "integrity": "sha1-Dovf5NHduIVNZOBOp8AOKgJuVlg="
    },
    "imurmurhash": {
      "version": "0.1.4",
      "resolved": "https://registry.npmjs.org/imurmurhash/-/imurmurhash-0.1.4.tgz",
      "integrity": "sha1-khi5srkoojixPcT7a21XbyMUU+o="
    },
    "inherits": {
      "version": "2.0.3",
      "resolved": "https://registry.npmjs.org/inherits/-/inherits-2.0.3.tgz",
      "integrity": "sha1-Yzwsg+PaQqUC9SRmAiSA9CCCYd4="
    },
    "is-finite": {
      "version": "1.0.2",
      "resolved": "https://registry.npmjs.org/is-finite/-/is-finite-1.0.2.tgz",
      "integrity": "sha1-zGZ3aVYCvlUO8R6LSqYwU0K20Ko=",
      "requires": {
        "number-is-nan": "1.0.1"
      }
    },
    "is-integer": {
      "version": "1.0.7",
      "resolved": "https://registry.npmjs.org/is-integer/-/is-integer-1.0.7.tgz",
      "integrity": "sha1-a96Bqs3feLZZtmKdYpytxRqIbVw=",
      "requires": {
        "is-finite": "1.0.2"
      }
    },
    "isarray": {
      "version": "0.0.1",
      "resolved": "https://registry.npmjs.org/isarray/-/isarray-0.0.1.tgz",
      "integrity": "sha1-ihis/Kmo9Bd+Cav8YDiTmwXR7t8="
    },
    "isolator": {
      "version": "0.0.7",
      "resolved": "https://registry.npmjs.org/isolator/-/isolator-0.0.7.tgz",
      "integrity": "sha512-WZIxbzSKSdYtcoRBVmPG5JTUJMQ3xlrAYx4JfEyI8ZPOL7Qu2HS2vt6dLEsnvlL7IwCExvnOpfLB76XGpLUlLA=="
    },
    "nan": {
      "version": "2.8.0",
      "resolved": "https://registry.npmjs.org/nan/-/nan-2.8.0.tgz",
      "integrity": "sha1-7XFfP+neArV6XmJS2QqWZ14fCFo="
    },
    "nano-promise": {
      "version": "1.2.0",
      "resolved": "https://registry.npmjs.org/nano-promise/-/nano-promise-1.2.0.tgz",
      "integrity": "sha1-Kl3n0HT2lHiTxvqUgY32o+xh33k="
    },
    "native-audio-deps": {
      "version": "0.0.3",
      "resolved": "https://registry.npmjs.org/native-audio-deps/-/native-audio-deps-0.0.3.tgz",
      "integrity": "sha512-bId45x0xlGajk4lZNzxGmnoihBCwwNBfSK/UY3FnNH8+92MPc8JXSXcNn/Ambr3N7VjwQO9Y+WNGrxJRbPHhOg=="
    },
    "native-canvas-deps": {
      "version": "0.0.5",
      "resolved": "https://registry.npmjs.org/native-canvas-deps/-/native-canvas-deps-0.0.5.tgz",
      "integrity": "sha512-BaeaKoxhUECpl+hKzI7jo8fD8zY+HiuGWTUVZS+QRFf7BvQov8ZMxO9XeYBuaLnFvVekrvtC/y4QQt/AOLU0Ew=="
    },
    "native-graphics-deps": {
      "version": "0.0.2",
      "resolved": "https://registry.npmjs.org/native-graphics-deps/-/native-graphics-deps-0.0.2.tgz",
      "integrity": "sha512-Uq5Yd52cqVEQqblPxAiE5edqPYH/JlsiifUQfVhy81Y85V41MP0vuKeXptECh/10SC8cRUTntGad4RyhG/T01g=="
    },
    "native-openvr-deps": {
      "version": "0.0.4",
      "resolved": "https://registry.npmjs.org/native-openvr-deps/-/native-openvr-deps-0.0.4.tgz",
      "integrity": "sha512-knfET4A9nEH/8AHpICX7L/dYWNCAb2ba64EUzBlv+Wb+1D1B8YPZpzlZbLLhk6JR0B2MtXOINoEvRtPAIyAtng=="
    },
    "node-localstorage": {
      "version": "1.3.0",
      "resolved": "https://registry.npmjs.org/node-localstorage/-/node-localstorage-1.3.0.tgz",
      "integrity": "sha1-LkNqro3Mms6XtDxlwWwNV3vgpVw=",
      "requires": {
        "write-file-atomic": "1.3.4"
      }
    },
    "number-is-nan": {
      "version": "1.0.1",
      "resolved": "https://registry.npmjs.org/number-is-nan/-/number-is-nan-1.0.1.tgz",
      "integrity": "sha1-CXtgK1NCKlIsGvuHkDGDNpQaAR0="
    },
    "parse-int": {
      "version": "1.0.2",
      "resolved": "https://registry.npmjs.org/parse-int/-/parse-int-1.0.2.tgz",
      "integrity": "sha1-QzYNYNjuNaEll4DgUisLlqhOb8E=",
      "requires": {
        "is-integer": "1.0.7"
      }
    },
    "parse5": {
      "version": "4.0.0",
      "resolved": "https://registry.npmjs.org/parse5/-/parse5-4.0.0.tgz",
      "integrity": "sha512-VrZ7eOd3T1Fk4XWNXMgiGBK/z0MG48BWG2uQNU4I72fkQuKUTZpl+u9k+CxEG0twMVzSmXEEz12z5Fnw1jIQFA=="
    },
    "raw-buffer": {
      "version": "0.0.11",
      "resolved": "https://registry.npmjs.org/raw-buffer/-/raw-buffer-0.0.11.tgz",
      "integrity": "sha512-kjLhmJiic1asspkHumjU+safDpLVaGRD3+161TqSqC5LzIc/gsf7tZG2IqSrJnsM13HHihQ/TE3pykQKQkwdKQ==",
      "requires": {
        "nan": "2.8.0"
      }
    },
    "readable-stream": {
      "version": "1.0.34",
      "resolved": "https://registry.npmjs.org/readable-stream/-/readable-stream-1.0.34.tgz",
      "integrity": "sha1-Elgg40vIQtLyqq+v5MKRbuMsFXw=",
      "requires": {
        "core-util-is": "1.0.2",
        "inherits": "2.0.3",
        "isarray": "0.0.1",
        "string_decoder": "0.10.31"
      }
    },
    "safe-buffer": {
      "version": "5.1.1",
      "resolved": "https://registry.npmjs.org/safe-buffer/-/safe-buffer-5.1.1.tgz",
      "integrity": "sha512-kKvNJn6Mm93gAczWVJg7wH+wGYWNrDHdWvpUmHyEsgCtIwwo3bqPtV4tR5tuPaUhTOo/kvhVwd8XwwOllGYkbg=="
    },
    "slide": {
      "version": "1.1.6",
      "resolved": "https://registry.npmjs.org/slide/-/slide-1.1.6.tgz",
      "integrity": "sha1-VusCfWW00tzmyy4tMsTUr8nh1wc="
    },
    "smiggles": {
      "version": "0.0.20",
      "resolved": "https://registry.npmjs.org/smiggles/-/smiggles-0.0.20.tgz",
      "integrity": "sha512-RDiTKrGizkfZa/DAO7BFTysLRj+y+ZrUtZdAVwZE2u48+rbRm5nBfoG7YrsiAsE+qnlzXwOGdoBg5s6IzruMmQ=="
    },
    "string_decoder": {
      "version": "0.10.31",
      "resolved": "https://registry.npmjs.org/string_decoder/-/string_decoder-0.10.31.tgz",
      "integrity": "sha1-YuIDvEF2bGwoyfyEMB2rHFMQ+pQ="
    },
    "through2": {
      "version": "0.6.5",
      "resolved": "https://registry.npmjs.org/through2/-/through2-0.6.5.tgz",
      "integrity": "sha1-QaucZ7KdVyCQcUEOHXp6lozTrUg=",
      "requires": {
        "readable-stream": "1.0.34",
        "xtend": "4.0.1"
      }
    },
    "webgl-to-opengl": {
      "version": "0.0.2",
      "resolved": "https://registry.npmjs.org/webgl-to-opengl/-/webgl-to-opengl-0.0.2.tgz",
      "integrity": "sha512-KT8bFf8MuEpgTav0FdIs3Uax7LdEsI83hG876cAzFVOSZV/FqTj8h3hFxUd52qtsMEj6G0lZGKdBGmzuNSy2ag==",
      "requires": {
        "glsl-token-inject-block": "1.1.0",
        "glsl-token-string": "1.0.1",
        "glsl-tokenizer": "2.1.2",
        "glsl-version-regex": "1.0.0"
      }
    },
    "window-eval-native": {
      "version": "0.0.1",
      "resolved": "https://registry.npmjs.org/window-eval-native/-/window-eval-native-0.0.1.tgz",
      "integrity": "sha512-0Q5UXc4eLZm+a77+ekjpIgw3sa7lvw+wnSHyk1czvdnnkV1LCNWhvHMs6wZRKZYZ8uF+4f6IoJKN96n2vnDSnw==",
      "requires": {
        "nano-promise": "1.2.0"
      }
    },
    "window-fetch": {
      "version": "0.0.3",
      "resolved": "https://registry.npmjs.org/window-fetch/-/window-fetch-0.0.3.tgz",
      "integrity": "sha512-lEcjYgSHs4B9ukLeLR6wd0qejBJKotkaI77SzDgZnu1a810CULozsvG5vikQdUctEzCFYsoF+IYZxrFmrIz0HQ=="
    },
    "window-worker": {
      "version": "0.0.46",
      "resolved": "https://registry.npmjs.org/window-worker/-/window-worker-0.0.46.tgz",
      "integrity": "sha512-Imz9MOOWKFz3dKomP4dZKR8CDSnMDyzlyexHlEJ4DiTU19S6wjFIjTDQQYyN7bvehcLVl7Hs6IrfRws18YKbFQ==",
      "requires": {
        "child-process-thread": "0.0.33",
        "window-fetch": "0.0.3",
        "ws": "4.1.0",
        "xmlhttprequest": "1.8.0"
      }
    },
    "write-file-atomic": {
      "version": "1.3.4",
      "resolved": "https://registry.npmjs.org/write-file-atomic/-/write-file-atomic-1.3.4.tgz",
      "integrity": "sha1-+Aek8LHZ6ROuekgRLmzDrxmRtF8=",
      "requires": {
        "graceful-fs": "4.1.11",
        "imurmurhash": "0.1.4",
        "slide": "1.1.6"
      }
    },
    "ws": {
      "version": "4.1.0",
      "resolved": "https://registry.npmjs.org/ws/-/ws-4.1.0.tgz",
      "integrity": "sha512-ZGh/8kF9rrRNffkLFV4AzhvooEclrOH0xaugmqGsIfFgOE/pIz4fMc4Ef+5HSQqTEug2S9JZIWDR47duDSLfaA==",
      "requires": {
        "async-limiter": "1.0.0",
        "safe-buffer": "5.1.1"
      }
    },
    "xmlhttprequest": {
      "version": "1.8.0",
      "resolved": "https://registry.npmjs.org/xmlhttprequest/-/xmlhttprequest-1.8.0.tgz",
      "integrity": "sha1-Z/4HXFwk/vOfnWX197f+dRcZaPw="
    },
    "xtend": {
      "version": "4.0.1",
      "resolved": "https://registry.npmjs.org/xtend/-/xtend-4.0.1.tgz",
      "integrity": "sha1-pcbVMr5lbiPbgg77lDofBJmNY68="
    }
  }
}
